
Microsoft Visual Studio Solution File, Format Version 12.00
# Visual Studio 15
VisualStudioVersion = 15.0.28010.2036
MinimumVisualStudioVersion = 10.0.40219.1
Project("{FAE04EC0-301F-11D3-BF4B-00C04F79EFBC}") = "GrandCircusLab3", "GrandCircusLab3\GrandCircusLab3.csproj", "{50B3DF82-EF5C-4CE4-9CA7-432C59CDE55D}"
EndProject
Global
	GlobalSection(SolutionConfigurationPlatforms) = preSolution
		Debug|Any CPU = Debug|Any CPU
		Release|Any CPU = Release|Any CPU
	EndGlobalSection
	GlobalSection(ProjectConfigurationPlatforms) = postSolution
		{50B3DF82-EF5C-4CE4-9CA7-432C59CDE55D}.Debug|Any CPU.ActiveCfg = Debug|Any CPU
		{50B3DF82-EF5C-4CE4-9CA7-432C59CDE55D}.Debug|Any CPU.Build.0 = Debug|Any CPU
		{50B3DF82-EF5C-4CE4-9CA7-432C59CDE55D}.Release|Any CPU.ActiveCfg = Release|Any CPU
		{50B3DF82-EF5C-4CE4-9CA7-432C59CDE55D}.Release|Any CPU.Build.0 = Release|Any CPU
	EndGlobalSection
	GlobalSection(SolutionProperties) = preSolution
		HideSolutionNode = FALSE
	EndGlobalSection
	GlobalSection(ExtensibilityGlobals) = postSolution
		SolutionGuid = {D29BF42E-543C-48CD-9AB3-DBB395B23BD7}
	EndGlobalSection
EndGlobal
